
Microsoft Visual Studio Solution File, Format Version 12.00
# Visual Studio Version 16
VisualStudioVersion = 16.0.30114.105
MinimumVisualStudioVersion = 10.0.40219.1
Project("{FAE04EC0-301F-11D3-BF4B-00C04F79EFBC}") = "ODataExperiment", "ODataExperiment\ODataExperiment.csproj", "{6A1A41A9-684E-401A-AF29-E80EBB73133D}"
EndProject
Global
	GlobalSection(SolutionConfigurationPlatforms) = preSolution
		Debug|Any CPU = Debug|Any CPU
		Release|Any CPU = Release|Any CPU
	EndGlobalSection
	GlobalSection(ProjectConfigurationPlatforms) = postSolution
		{6A1A41A9-684E-401A-AF29-E80EBB73133D}.Debug|Any CPU.ActiveCfg = Debug|Any CPU
		{6A1A41A9-684E-401A-AF29-E80EBB73133D}.Debug|Any CPU.Build.0 = Debug|Any CPU
		{6A1A41A9-684E-401A-AF29-E80EBB73133D}.Release|Any CPU.ActiveCfg = Release|Any CPU
		{6A1A41A9-684E-401A-AF29-E80EBB73133D}.Release|Any CPU.Build.0 = Release|Any CPU
	EndGlobalSection
	GlobalSection(SolutionProperties) = preSolution
		HideSolutionNode = FALSE
	EndGlobalSection
	GlobalSection(ExtensibilityGlobals) = postSolution
		SolutionGuid = {3BF00E32-3454-4B6B-B09D-ED0D3E5AF4C2}
	EndGlobalSection
EndGlobal
